
Microsoft Visual Studio Solution File, Format Version 12.00
# Visual Studio Version 16
VisualStudioVersion = 16.0.31005.135
MinimumVisualStudioVersion = 10.0.40219.1
Project("{2150E333-8FDC-42A3-9474-1A3956D46DE8}") = "Microservice", "Microservice", "{5841C638-3FF2-491D-9286-B202176F50E1}"
EndProject
Project("{9A19103F-16F7-4668-BE54-9A1E7A4F7556}") = "Product.Grpc.Command", "Product.Grpc.Command\Product.Grpc.Command.csproj", "{155FDCA4-EA06-410E-81C4-E2AF5DBDBBB4}"
EndProject
Project("{2150E333-8FDC-42A3-9474-1A3956D46DE8}") = "Products", "Products", "{6D56203E-1C15-4B60-851E-137FA7F8688E}"
EndProject
Project("{2150E333-8FDC-42A3-9474-1A3956D46DE8}") = "Api", "Api", "{93832AA2-B9C2-4AB3-82C5-3209C4C294FA}"
EndProject
Project("{2150E333-8FDC-42A3-9474-1A3956D46DE8}") = "Shared", "Shared", "{53EB8B04-EBB3-4E71-B2B4-8681AF619BCF}"
EndProject
Project("{9A19103F-16F7-4668-BE54-9A1E7A4F7556}") = "Product.Shared.DomainEntity", "Product.Shared.DomainEntity\Product.Shared.DomainEntity.csproj", "{C687B80C-1A1F-4B00-895F-3349F26382FD}"
EndProject
Project("{2150E333-8FDC-42A3-9474-1A3956D46DE8}") = "Frameworks", "Frameworks", "{7E67F022-D994-4D88-B30B-3A298824DEC3}"
EndProject
Project("{9A19103F-16F7-4668-BE54-9A1E7A4F7556}") = "Framework.SqlClient", "Framework.SqlClient\Framework.SqlClient.csproj", "{D6CC1225-80A1-41C8-9181-0C2469DE7DA2}"
EndProject
Project("{2150E333-8FDC-42A3-9474-1A3956D46DE8}") = "UnitTest", "UnitTest", "{197C67A4-1B84-4C9D-85FB-9D19ADBD6CBF}"
EndProject
Project("{2150E333-8FDC-42A3-9474-1A3956D46DE8}") = "Database", "Database", "{D13AA174-0B03-482C-BBD6-A1E703C63453}"
EndProject
Project("{00D1A9C2-B5F0-4AF3-8072-F6C62B433612}") = "Product.Database", "Product.Database\Product.Database.sqlproj", "{76D3175D-F2B2-4831-B060-9FB460CBD728}"
EndProject
Project("{9A19103F-16F7-4668-BE54-9A1E7A4F7556}") = "Product.Command.UnitTestConsole", "Product.Command.UnitTestConsole\Product.Command.UnitTestConsole.csproj", "{F185C65F-E803-44FF-9957-C4DD2BFFD9B8}"
EndProject
Project("{FAE04EC0-301F-11D3-BF4B-00C04F79EFBC}") = "Product.Grpc.Query", "Product.Grpc.Query\Product.Grpc.Query.csproj", "{F2131925-D8B2-4E25-BBF9-3E867484936B}"
EndProject
Project("{FAE04EC0-301F-11D3-BF4B-00C04F79EFBC}") = "Produc.Query.UnitTestConsole", "Produc.Query.UnitTestConsole\Produc.Query.UnitTestConsole.csproj", "{2F0BEFF6-AC49-4F54-8111-1B8DEA95074B}"
EndProject
Project("{FAE04EC0-301F-11D3-BF4B-00C04F79EFBC}") = "Product.Aggregate.Api", "Product.Aggregate.Api\Product.Aggregate.Api.csproj", "{421A7681-BED4-41F4-B844-9B580DDAE00A}"
EndProject
Project("{2150E333-8FDC-42A3-9474-1A3956D46DE8}") = "Gateway", "Gateway", "{89A1A557-495A-4C18-A7F2-6BABC2228C54}"
EndProject
Project("{9A19103F-16F7-4668-BE54-9A1E7A4F7556}") = "Web.Gateways", "Web.Gateways\Web.Gateways.csproj", "{89124DEF-66F6-46FC-BE1D-41764C3AF5B8}"
EndProject
Global
	GlobalSection(SolutionConfigurationPlatforms) = preSolution
		Debug|Any CPU = Debug|Any CPU
		Release|Any CPU = Release|Any CPU
	EndGlobalSection
	GlobalSection(ProjectConfigurationPlatforms) = postSolution
		{155FDCA4-EA06-410E-81C4-E2AF5DBDBBB4}.Debug|Any CPU.ActiveCfg = Debug|Any CPU
		{155FDCA4-EA06-410E-81C4-E2AF5DBDBBB4}.Debug|Any CPU.Build.0 = Debug|Any CPU
		{155FDCA4-EA06-410E-81C4-E2AF5DBDBBB4}.Release|Any CPU.ActiveCfg = Release|Any CPU
		{155FDCA4-EA06-410E-81C4-E2AF5DBDBBB4}.Release|Any CPU.Build.0 = Release|Any CPU
		{C687B80C-1A1F-4B00-895F-3349F26382FD}.Debug|Any CPU.ActiveCfg = Debug|Any CPU
		{C687B80C-1A1F-4B00-895F-3349F26382FD}.Debug|Any CPU.Build.0 = Debug|Any CPU
		{C687B80C-1A1F-4B00-895F-3349F26382FD}.Release|Any CPU.ActiveCfg = Release|Any CPU
		{C687B80C-1A1F-4B00-895F-3349F26382FD}.Release|Any CPU.Build.0 = Release|Any CPU
		{D6CC1225-80A1-41C8-9181-0C2469DE7DA2}.Debug|Any CPU.ActiveCfg = Debug|Any CPU
		{D6CC1225-80A1-41C8-9181-0C2469DE7DA2}.Debug|Any CPU.Build.0 = Debug|Any CPU
		{D6CC1225-80A1-41C8-9181-0C2469DE7DA2}.Release|Any CPU.ActiveCfg = Release|Any CPU
		{D6CC1225-80A1-41C8-9181-0C2469DE7DA2}.Release|Any CPU.Build.0 = Release|Any CPU
		{76D3175D-F2B2-4831-B060-9FB460CBD728}.Debug|Any CPU.ActiveCfg = Debug|Any CPU
		{76D3175D-F2B2-4831-B060-9FB460CBD728}.Debug|Any CPU.Build.0 = Debug|Any CPU
		{76D3175D-F2B2-4831-B060-9FB460CBD728}.Debug|Any CPU.Deploy.0 = Debug|Any CPU
		{76D3175D-F2B2-4831-B060-9FB460CBD728}.Release|Any CPU.ActiveCfg = Release|Any CPU
		{76D3175D-F2B2-4831-B060-9FB460CBD728}.Release|Any CPU.Build.0 = Release|Any CPU
		{76D3175D-F2B2-4831-B060-9FB460CBD728}.Release|Any CPU.Deploy.0 = Release|Any CPU
		{F185C65F-E803-44FF-9957-C4DD2BFFD9B8}.Debug|Any CPU.ActiveCfg = Debug|Any CPU
		{F185C65F-E803-44FF-9957-C4DD2BFFD9B8}.Debug|Any CPU.Build.0 = Debug|Any CPU
		{F185C65F-E803-44FF-9957-C4DD2BFFD9B8}.Release|Any CPU.ActiveCfg = Release|Any CPU
		{F185C65F-E803-44FF-9957-C4DD2BFFD9B8}.Release|Any CPU.Build.0 = Release|Any CPU
		{F2131925-D8B2-4E25-BBF9-3E867484936B}.Debug|Any CPU.ActiveCfg = Debug|Any CPU
		{F2131925-D8B2-4E25-BBF9-3E867484936B}.Debug|Any CPU.Build.0 = Debug|Any CPU
		{F2131925-D8B2-4E25-BBF9-3E867484936B}.Release|Any CPU.ActiveCfg = Release|Any CPU
		{F2131925-D8B2-4E25-BBF9-3E867484936B}.Release|Any CPU.Build.0 = Release|Any CPU
		{2F0BEFF6-AC49-4F54-8111-1B8DEA95074B}.Debug|Any CPU.ActiveCfg = Debug|Any CPU
		{2F0BEFF6-AC49-4F54-8111-1B8DEA95074B}.Debug|Any CPU.Build.0 = Debug|Any CPU
		{2F0BEFF6-AC49-4F54-8111-1B8DEA95074B}.Release|Any CPU.ActiveCfg = Release|Any CPU
		{2F0BEFF6-AC49-4F54-8111-1B8DEA95074B}.Release|Any CPU.Build.0 = Release|Any CPU
		{421A7681-BED4-41F4-B844-9B580DDAE00A}.Debug|Any CPU.ActiveCfg = Debug|Any CPU
		{421A7681-BED4-41F4-B844-9B580DDAE00A}.Debug|Any CPU.Build.0 = Debug|Any CPU
		{421A7681-BED4-41F4-B844-9B580DDAE00A}.Release|Any CPU.ActiveCfg = Release|Any CPU
		{421A7681-BED4-41F4-B844-9B580DDAE00A}.Release|Any CPU.Build.0 = Release|Any CPU
		{89124DEF-66F6-46FC-BE1D-41764C3AF5B8}.Debug|Any CPU.ActiveCfg = Debug|Any CPU
		{89124DEF-66F6-46FC-BE1D-41764C3AF5B8}.Debug|Any CPU.Build.0 = Debug|Any CPU
		{89124DEF-66F6-46FC-BE1D-41764C3AF5B8}.Release|Any CPU.ActiveCfg = Release|Any CPU
		{89124DEF-66F6-46FC-BE1D-41764C3AF5B8}.Release|Any CPU.Build.0 = Release|Any CPU
	EndGlobalSection
	GlobalSection(SolutionProperties) = preSolution
		HideSolutionNode = FALSE
	EndGlobalSection
	GlobalSection(NestedProjects) = preSolution
		{155FDCA4-EA06-410E-81C4-E2AF5DBDBBB4} = {93832AA2-B9C2-4AB3-82C5-3209C4C294FA}
		{6D56203E-1C15-4B60-851E-137FA7F8688E} = {5841C638-3FF2-491D-9286-B202176F50E1}
		{93832AA2-B9C2-4AB3-82C5-3209C4C294FA} = {6D56203E-1C15-4B60-851E-137FA7F8688E}
		{53EB8B04-EBB3-4E71-B2B4-8681AF619BCF} = {6D56203E-1C15-4B60-851E-137FA7F8688E}
		{C687B80C-1A1F-4B00-895F-3349F26382FD} = {53EB8B04-EBB3-4E71-B2B4-8681AF619BCF}
		{D6CC1225-80A1-41C8-9181-0C2469DE7DA2} = {7E67F022-D994-4D88-B30B-3A298824DEC3}
		{197C67A4-1B84-4C9D-85FB-9D19ADBD6CBF} = {6D56203E-1C15-4B60-851E-137FA7F8688E}
		{D13AA174-0B03-482C-BBD6-A1E703C63453} = {6D56203E-1C15-4B60-851E-137FA7F8688E}
		{76D3175D-F2B2-4831-B060-9FB460CBD728} = {D13AA174-0B03-482C-BBD6-A1E703C63453}
		{F185C65F-E803-44FF-9957-C4DD2BFFD9B8} = {197C67A4-1B84-4C9D-85FB-9D19ADBD6CBF}
		{F2131925-D8B2-4E25-BBF9-3E867484936B} = {93832AA2-B9C2-4AB3-82C5-3209C4C294FA}
		{2F0BEFF6-AC49-4F54-8111-1B8DEA95074B} = {197C67A4-1B84-4C9D-85FB-9D19ADBD6CBF}
		{421A7681-BED4-41F4-B844-9B580DDAE00A} = {93832AA2-B9C2-4AB3-82C5-3209C4C294FA}
		{89124DEF-66F6-46FC-BE1D-41764C3AF5B8} = {89A1A557-495A-4C18-A7F2-6BABC2228C54}
	EndGlobalSection
	GlobalSection(ExtensibilityGlobals) = postSolution
		SolutionGuid = {72E68F9D-1E37-435A-8F30-EAB22E95379C}
	EndGlobalSection
EndGlobal
